
Microsoft Visual Studio Solution File, Format Version 12.00
Project("{FAE04EC0-301F-11D3-BF4B-00C04F79EFBC}") = "WebUI.Shell", "Shell\WebUI.Shell.csproj", "{9DADB4B1-96AE-431A-A2EF-E59C6B3AD6BF}"
EndProject
Project("{FAE04EC0-301F-11D3-BF4B-00C04F79EFBC}") = "WebUI.Core", "Core\WebUI.Core.csproj", "{BA0AE675-7C8E-44CA-8F49-25D571F00C9C}"
EndProject
Project("{2150E333-8FDC-42A3-9474-1A3956D46DE8}") = "Shared", "Shared", "{4F52FD11-658E-A102-6CD3-7D7C16FFA15B}"
EndProject
Project("{FAE04EC0-301F-11D3-BF4B-00C04F79EFBC}") = "WebUI.Shared", "Shared\WebUI.Shared.csproj", "{D82D0D0F-C992-412F-A6CA-CEF665DBB8B1}"
EndProject
Global
	GlobalSection(SolutionConfigurationPlatforms) = preSolution
		Debug|Any CPU = Debug|Any CPU
		Debug|x64 = Debug|x64
		Debug|x86 = Debug|x86
		Release|Any CPU = Release|Any CPU
		Release|x64 = Release|x64
		Release|x86 = Release|x86
	EndGlobalSection
	GlobalSection(ProjectConfigurationPlatforms) = postSolution
		{9DADB4B1-96AE-431A-A2EF-E59C6B3AD6BF}.Debug|Any CPU.ActiveCfg = Debug|Any CPU
		{9DADB4B1-96AE-431A-A2EF-E59C6B3AD6BF}.Debug|Any CPU.Build.0 = Debug|Any CPU
		{9DADB4B1-96AE-431A-A2EF-E59C6B3AD6BF}.Debug|x64.ActiveCfg = Debug|Any CPU
		{9DADB4B1-96AE-431A-A2EF-E59C6B3AD6BF}.Debug|x64.Build.0 = Debug|Any CPU
		{9DADB4B1-96AE-431A-A2EF-E59C6B3AD6BF}.Debug|x86.ActiveCfg = Debug|Any CPU
		{9DADB4B1-96AE-431A-A2EF-E59C6B3AD6BF}.Debug|x86.Build.0 = Debug|Any CPU
		{9DADB4B1-96AE-431A-A2EF-E59C6B3AD6BF}.Release|Any CPU.ActiveCfg = Release|Any CPU
		{9DADB4B1-96AE-431A-A2EF-E59C6B3AD6BF}.Release|Any CPU.Build.0 = Release|Any CPU
		{9DADB4B1-96AE-431A-A2EF-E59C6B3AD6BF}.Release|x64.ActiveCfg = Release|Any CPU
		{9DADB4B1-96AE-431A-A2EF-E59C6B3AD6BF}.Release|x64.Build.0 = Release|Any CPU
		{9DADB4B1-96AE-431A-A2EF-E59C6B3AD6BF}.Release|x86.ActiveCfg = Release|Any CPU
		{9DADB4B1-96AE-431A-A2EF-E59C6B3AD6BF}.Release|x86.Build.0 = Release|Any CPU
		{BA0AE675-7C8E-44CA-8F49-25D571F00C9C}.Debug|Any CPU.ActiveCfg = Debug|Any CPU
		{BA0AE675-7C8E-44CA-8F49-25D571F00C9C}.Debug|Any CPU.Build.0 = Debug|Any CPU
		{BA0AE675-7C8E-44CA-8F49-25D571F00C9C}.Debug|x64.ActiveCfg = Debug|Any CPU
		{BA0AE675-7C8E-44CA-8F49-25D571F00C9C}.Debug|x64.Build.0 = Debug|Any CPU
		{BA0AE675-7C8E-44CA-8F49-25D571F00C9C}.Debug|x86.ActiveCfg = Debug|Any CPU
		{BA0AE675-7C8E-44CA-8F49-25D571F00C9C}.Debug|x86.Build.0 = Debug|Any CPU
		{BA0AE675-7C8E-44CA-8F49-25D571F00C9C}.Release|Any CPU.ActiveCfg = Release|Any CPU
		{BA0AE675-7C8E-44CA-8F49-25D571F00C9C}.Release|Any CPU.Build.0 = Release|Any CPU
		{BA0AE675-7C8E-44CA-8F49-25D571F00C9C}.Release|x64.ActiveCfg = Release|Any CPU
		{BA0AE675-7C8E-44CA-8F49-25D571F00C9C}.Release|x64.Build.0 = Release|Any CPU
		{BA0AE675-7C8E-44CA-8F49-25D571F00C9C}.Release|x86.ActiveCfg = Release|Any CPU
		{BA0AE675-7C8E-44CA-8F49-25D571F00C9C}.Release|x86.Build.0 = Release|Any CPU
		{D82D0D0F-C992-412F-A6CA-CEF665DBB8B1}.Debug|Any CPU.ActiveCfg = Debug|Any CPU
		{D82D0D0F-C992-412F-A6CA-CEF665DBB8B1}.Debug|Any CPU.Build.0 = Debug|Any CPU
		{D82D0D0F-C992-412F-A6CA-CEF665DBB8B1}.Debug|x64.ActiveCfg = Debug|Any CPU
		{D82D0D0F-C992-412F-A6CA-CEF665DBB8B1}.Debug|x64.Build.0 = Debug|Any CPU
		{D82D0D0F-C992-412F-A6CA-CEF665DBB8B1}.Debug|x86.ActiveCfg = Debug|Any CPU
		{D82D0D0F-C992-412F-A6CA-CEF665DBB8B1}.Debug|x86.Build.0 = Debug|Any CPU
		{D82D0D0F-C992-412F-A6CA-CEF665DBB8B1}.Release|Any CPU.ActiveCfg = Release|Any CPU
		{D82D0D0F-C992-412F-A6CA-CEF665DBB8B1}.Release|Any CPU.Build.0 = Release|Any CPU
		{D82D0D0F-C992-412F-A6CA-CEF665DBB8B1}.Release|x64.ActiveCfg = Release|Any CPU
		{D82D0D0F-C992-412F-A6CA-CEF665DBB8B1}.Release|x64.Build.0 = Release|Any CPU
		{D82D0D0F-C992-412F-A6CA-CEF665DBB8B1}.Release|x86.ActiveCfg = Release|Any CPU
		{D82D0D0F-C992-412F-A6CA-CEF665DBB8B1}.Release|x86.Build.0 = Release|Any CPU
	EndGlobalSection
	GlobalSection(SolutionProperties) = preSolution
		HideSolutionNode = FALSE
	EndGlobalSection
	GlobalSection(NestedProjects) = preSolution
		{D82D0D0F-C992-412F-A6CA-CEF665DBB8B1} = {4F52FD11-658E-A102-6CD3-7D7C16FFA15B}
	EndGlobalSection
EndGlobal
